{
    "version": 3,
    "terraform_version": "0.11.7",
    "serial": 3,
    "lineage": "3352ccf9-84a0-915a-c077-42a5b1b4e4fc",
    "modules": [
        {
            "path": [
                "root"
            ],
            "outputs": {},
            "resources": {
                "aws_sqs_queue.terraform_queue": {
                    "type": "aws_sqs_queue",
                    "depends_on": [],
                    "primary": {
                        "id": "http://localhost:4576/queue/my-queue",
                        "attributes": {
                            "arn": "arn:aws:sqs:elasticmq:000000000000:my-queue",
                            "content_based_deduplication": "false",
                            "delay_seconds": "0",
                            "fifo_queue": "false",
                            "id": "http://localhost:4576/queue/my-queue",
                            "max_message_size": "262144",
                            "message_retention_seconds": "345600",
                            "name": "my-queue",
                            "receive_wait_time_seconds": "0",
                            "tags.%": "0",
                            "visibility_timeout_seconds": "30"
                        },
                        "meta": {},
                        "tainted": false
                    },
                    "deposed": [],
                    "provider": "provider.aws"
                },
                "aws_sqs_queue.terraform_queue_mq": {
                    "type": "aws_sqs_queue",
                    "depends_on": [],
                    "primary": {
                        "id": "http://localhost:4576/queue/terraform-queue-mq.fifo",
                        "attributes": {
                            "arn": "arn:aws:sqs:elasticmq:000000000000:terraform-queue-mq.fifo",
                            "content_based_deduplication": "true",
                            "delay_seconds": "0",
                            "fifo_queue": "true",
                            "id": "http://localhost:4576/queue/terraform-queue-mq.fifo",
                            "max_message_size": "262144",
                            "message_retention_seconds": "345600",
                            "name": "terraform-queue-mq.fifo",
                            "receive_wait_time_seconds": "0",
                            "tags.%": "0",
                            "visibility_timeout_seconds": "30"
                        },
                        "meta": {},
                        "tainted": false
                    },
                    "deposed": [],
                    "provider": "provider.aws"
                }
            },
            "depends_on": []
        }
    ]
}
